
Microsoft Visual Studio Solution File, Format Version 12.00
# Visual Studio Version 16
VisualStudioVersion = 16.0.30503.244
MinimumVisualStudioVersion = 10.0.40219.1
Project("{9A19103F-16F7-4668-BE54-9A1E7A4F7556}") = "HeThongKiemSoatRaVao", "HeThongKiemSoatRaVao\HeThongKiemSoatRaVao.csproj", "{0939C8EF-86E6-4F12-9E01-7183F8038EC0}"
EndProject
Project("{9A19103F-16F7-4668-BE54-9A1E7A4F7556}") = "SystemManageOutCome.Data", "SystemManageOutCome.Data\SystemManageOutCome.Data.csproj", "{108EA9A0-98E7-4EFB-A8D8-207C04D126E5}"
EndProject
Project("{9A19103F-16F7-4668-BE54-9A1E7A4F7556}") = "SystemManageOutCome.Service", "SystemManageOutCome.Application\SystemManageOutCome.Service.csproj", "{493B1C6D-1F07-4342-BF3B-37C3FFF5282D}"
EndProject
Project("{9A19103F-16F7-4668-BE54-9A1E7A4F7556}") = "SystemManageOutCome.Utilities", "SystemManageOutCome.Utilities\SystemManageOutCome.Utilities.csproj", "{C8ACC6C3-AEB2-468C-9355-59628FF87041}"
EndProject
Project("{9A19103F-16F7-4668-BE54-9A1E7A4F7556}") = "SystemManageSolution.ViewModel", "SystemManageSolution.ViewModel\SystemManageSolution.ViewModel.csproj", "{EE38F0FB-0359-42C2-9975-AFE9080085D5}"
EndProject
Project("{9A19103F-16F7-4668-BE54-9A1E7A4F7556}") = "test", "test\test.csproj", "{392873F6-A532-443C-9D5E-389FCA52FABB}"
EndProject
Global
	GlobalSection(SolutionConfigurationPlatforms) = preSolution
		Debug|Any CPU = Debug|Any CPU
		Release|Any CPU = Release|Any CPU
	EndGlobalSection
	GlobalSection(ProjectConfigurationPlatforms) = postSolution
		{0939C8EF-86E6-4F12-9E01-7183F8038EC0}.Debug|Any CPU.ActiveCfg = Debug|Any CPU
		{0939C8EF-86E6-4F12-9E01-7183F8038EC0}.Debug|Any CPU.Build.0 = Debug|Any CPU
		{0939C8EF-86E6-4F12-9E01-7183F8038EC0}.Release|Any CPU.ActiveCfg = Release|Any CPU
		{0939C8EF-86E6-4F12-9E01-7183F8038EC0}.Release|Any CPU.Build.0 = Release|Any CPU
		{108EA9A0-98E7-4EFB-A8D8-207C04D126E5}.Debug|Any CPU.ActiveCfg = Debug|Any CPU
		{108EA9A0-98E7-4EFB-A8D8-207C04D126E5}.Debug|Any CPU.Build.0 = Debug|Any CPU
		{108EA9A0-98E7-4EFB-A8D8-207C04D126E5}.Release|Any CPU.ActiveCfg = Release|Any CPU
		{108EA9A0-98E7-4EFB-A8D8-207C04D126E5}.Release|Any CPU.Build.0 = Release|Any CPU
		{493B1C6D-1F07-4342-BF3B-37C3FFF5282D}.Debug|Any CPU.ActiveCfg = Debug|Any CPU
		{493B1C6D-1F07-4342-BF3B-37C3FFF5282D}.Debug|Any CPU.Build.0 = Debug|Any CPU
		{493B1C6D-1F07-4342-BF3B-37C3FFF5282D}.Release|Any CPU.ActiveCfg = Release|Any CPU
		{493B1C6D-1F07-4342-BF3B-37C3FFF5282D}.Release|Any CPU.Build.0 = Release|Any CPU
		{C8ACC6C3-AEB2-468C-9355-59628FF87041}.Debug|Any CPU.ActiveCfg = Debug|Any CPU
		{C8ACC6C3-AEB2-468C-9355-59628FF87041}.Debug|Any CPU.Build.0 = Debug|Any CPU
		{C8ACC6C3-AEB2-468C-9355-59628FF87041}.Release|Any CPU.ActiveCfg = Release|Any CPU
		{C8ACC6C3-AEB2-468C-9355-59628FF87041}.Release|Any CPU.Build.0 = Release|Any CPU
		{EE38F0FB-0359-42C2-9975-AFE9080085D5}.Debug|Any CPU.ActiveCfg = Debug|Any CPU
		{EE38F0FB-0359-42C2-9975-AFE9080085D5}.Debug|Any CPU.Build.0 = Debug|Any CPU
		{EE38F0FB-0359-42C2-9975-AFE9080085D5}.Release|Any CPU.ActiveCfg = Release|Any CPU
		{EE38F0FB-0359-42C2-9975-AFE9080085D5}.Release|Any CPU.Build.0 = Release|Any CPU
		{392873F6-A532-443C-9D5E-389FCA52FABB}.Debug|Any CPU.ActiveCfg = Debug|Any CPU
		{392873F6-A532-443C-9D5E-389FCA52FABB}.Debug|Any CPU.Build.0 = Debug|Any CPU
		{392873F6-A532-443C-9D5E-389FCA52FABB}.Release|Any CPU.ActiveCfg = Release|Any CPU
		{392873F6-A532-443C-9D5E-389FCA52FABB}.Release|Any CPU.Build.0 = Release|Any CPU
	EndGlobalSection
	GlobalSection(SolutionProperties) = preSolution
		HideSolutionNode = FALSE
	EndGlobalSection
	GlobalSection(ExtensibilityGlobals) = postSolution
		SolutionGuid = {B820B991-32F3-4384-A29C-559C82BE96DF}
	EndGlobalSection
EndGlobal
